#
# This file is autogenerated by pip-compile with Python 3.13
# by the following command:
#
#    pip-compile --generate-hashes --output-file=deployment/family-chess/requirements.lock deployment/family-chess/requirements.in
#
asgiref==3.12.1 \
    --hash=sha256:59dcb51c272ad209d59bed5708a64a333083e86017d7fcdd67498eeab7784340 \
    --hash=sha256:fe386d1c2bff7259ea95929266d12a8cf9a8b5a1c2598402967d8792e7a7c094
    # via django
chess==1.11.2 \
    --hash=sha256:a8b43e5678fdb3000695bdaa573117ad683761e5ca38e591c4826eba6d25bb39
    # via python-chess
django==5.2.18 \
    --hash=sha256:461c5dd06d2ea16bd5ca37d3f46e4def1d6b0fe7588c6f4e2119517bb0af8b2d \
    --hash=sha256:92ed81d500be6408ecd704d7bd1366c534f30427bffcc63c5fefb129561aec7c
    # via -r deployment/family-chess/requirements.in
gunicorn==26.2.0 \
    --hash=sha256:62b864895d9ebff0b2f9867ba04fe811c93121596540830c9c916d0769668447 \
    --hash=sha256:bd249d0b3f7972f7432f0a6b6ff3b3ee2d129f70cd1ff6c09a9dd9e29a2b88e3
    # via -r deployment/family-chess/requirements.in
python-chess==1.999 \
    --hash=sha256:8cad0388c42242d890ac6368ad64def15cd0165db033df0ad479492e266e5e6c \
    --hash=sha256:93b562f8f1124cb7bf56fb095e18743758e69dc6a028ccda0badcaa5c59d88c8
    # via -r deployment/family-chess/requirements.in
python-dotenv==1.2.2 \
    --hash=sha256:1d8214789a24de455a8b8bd8ae6fe3c6b69a5e3d64aa8a8e5d68e694bbcb285a \
    --hash=sha256:2c371a91fbd7ba082c2c1dc1f8bf89ca22564a087c2c287cd9b662adde799cf3
    # via -r deployment/family-chess/requirements.in
sqlparse==0.6.0 \
    --hash=sha256:113c35c75365ab9cc9c7231d68c6428fb11c085fc8e9eb1ad659b7ddbf6cd2b9 \
    --hash=sha256:b861c0288ce2fa56209a9a6412d2e066ac664b3873b89c26c9d8415e8e32996f
    # via django
